{
  "name": "@traq-bot-ts-test/node",
  "lockfileVersion": 3,
  "requires": true,
  "packages": {
    "": {
      "name": "@traq-bot-ts-test/node",
      "dependencies": {
        "traq-bot-ts": "file:../.."
      }
    },
    "../..": {
      "version": "1.4.1",
      "license": "MIT",
      "dependencies": {
        "ws": "8.18.0",
        "zod": "3.23.8"
      },
      "devDependencies": {
        "@arethetypeswrong/cli": "0.16.4",
        "@biomejs/biome": "1.9.2",
        "@changesets/cli": "2.27.8",
        "bun-types": "1.1.29",
        "esbuild": "0.24.0",
        "run-z": "2.0.0",
        "typescript": "5.6.2"
      }
    },
    "node_modules/traq-bot-ts": {
      "resolved": "../..",
      "link": true
    }
  }
}
